// !$*UTF8*$!
{
	archiveVersion = 1;
	classes = {
	};
	objectVersion = 56;
	objects = {

/* Begin PBXBuildFile section */
		58F9FA3225D9C41CCC4F6502 /* Pods_Starter_App_SwiftUI.framework in Frameworks */ = {isa = PBXBuildFile; fileRef = 6CAD1317E7EA3BC371CEC313 /* Pods_Starter_App_SwiftUI.framework */; };
		7C9D91B3190DE1DADBD9C9E3 /* Pods_Starter_App_SwiftUI_Starter_App_SwiftUIUITests.framework in Frameworks */ = {isa = PBXBuildFile; fileRef = E19E8C0F1376585CDE9232A7 /* Pods_Starter_App_SwiftUI_Starter_App_SwiftUIUITests.framework */; };
		98C668BD56B1FC4C876C4B0A /* Pods_Starter_App_SwiftUITests.framework in Frameworks */ = {isa = PBXBuildFile; fileRef = 71A47F0C9C145192199DAEED /* Pods_Starter_App_SwiftUITests.framework */; };
		AA5170DD296008BD00DA8ABA /* App.swift in Sources */ = {isa = PBXBuildFile; fileRef = AA5170DC296008BD00DA8ABA /* App.swift */; };
		AA5170DF296008BD00DA8ABA /* ExamplePage.swift in Sources */ = {isa = PBXBuildFile; fileRef = AA5170DE296008BD00DA8ABA /* ExamplePage.swift */; };
		AA5170E1296008BE00DA8ABA /* Assets.xcassets in Resources */ = {isa = PBXBuildFile; fileRef = AA5170E0296008BE00DA8ABA /* Assets.xcassets */; };
		AA5170E4296008BE00DA8ABA /* Preview Assets.xcassets in Resources */ = {isa = PBXBuildFile; fileRef = AA5170E3296008BE00DA8ABA /* Preview Assets.xcassets */; };
		AA5170EE296008BE00DA8ABA /* Starter_App_SwiftUITests.swift in Sources */ = {isa = PBXBuildFile; fileRef = AA5170ED296008BE00DA8ABA /* Starter_App_SwiftUITests.swift */; };
		AA5170F8296008BE00DA8ABA /* Starter_App_SwiftUIUITests.swift in Sources */ = {isa = PBXBuildFile; fileRef = AA5170F7296008BE00DA8ABA /* Starter_App_SwiftUIUITests.swift */; };
		AA5170FA296008BE00DA8ABA /* Starter_App_SwiftUIUITestsLaunchTests.swift in Sources */ = {isa = PBXBuildFile; fileRef = AA5170F9296008BE00DA8ABA /* Starter_App_SwiftUIUITestsLaunchTests.swift */; };
		AA7EF7CF2965AB7100DFEAEE /* StandardLoadingView.swift in Sources */ = {isa = PBXBuildFile; fileRef = AA7EF7CE2965AB7100DFEAEE /* StandardLoadingView.swift */; };
		AABE4F422960297C00F7D02F /* CustomButton.swift in Sources */ = {isa = PBXBuildFile; fileRef = AABE4F412960297C00F7D02F /* CustomButton.swift */; };
		AABE4F462960510E00F7D02F /* AppConstant.swift in Sources */ = {isa = PBXBuildFile; fileRef = AABE4F452960510E00F7D02F /* AppConstant.swift */; };
		AABE4F4B296052F700F7D02F /* QuranService.swift in Sources */ = {isa = PBXBuildFile; fileRef = AABE4F4A296052F700F7D02F /* QuranService.swift */; };
		AABE4F4E29605F5200F7D02F /* CustomException.swift in Sources */ = {isa = PBXBuildFile; fileRef = AABE4F4D29605F5200F7D02F /* CustomException.swift */; };
		AABE4F5029606ABF00F7D02F /* SurahResponse.swift in Sources */ = {isa = PBXBuildFile; fileRef = AABE4F4F29606ABF00F7D02F /* SurahResponse.swift */; };
		AABE4F5429608B6500F7D02F /* CustomExceptionExtension.swift in Sources */ = {isa = PBXBuildFile; fileRef = AABE4F5329608B6500F7D02F /* CustomExceptionExtension.swift */; };
		AABE4F5829613C7500F7D02F /* InfoDialog.swift in Sources */ = {isa = PBXBuildFile; fileRef = AABE4F5729613C7500F7D02F /* InfoDialog.swift */; };
		AABE4F5B2961560E00F7D02F /* AppFontStyle.swift in Sources */ = {isa = PBXBuildFile; fileRef = AABE4F5A2961560E00F7D02F /* AppFontStyle.swift */; };
		AABE4F5D296158D300F7D02F /* LoadingDialog.swift in Sources */ = {isa = PBXBuildFile; fileRef = AABE4F5C296158D300F7D02F /* LoadingDialog.swift */; };
		AABE4F6129615C5800F7D02F /* SplashPage.swift in Sources */ = {isa = PBXBuildFile; fileRef = AABE4F6029615C5800F7D02F /* SplashPage.swift */; };
		AABE4F642961BE9700F7D02F /* RouteViewModel.swift in Sources */ = {isa = PBXBuildFile; fileRef = AABE4F632961BE9700F7D02F /* RouteViewModel.swift */; };
		AAD02B582963036600B6F6BC /* ListSurahPageView.swift in Sources */ = {isa = PBXBuildFile; fileRef = AAD02B572963036600B6F6BC /* ListSurahPageView.swift */; };
		AAD02B5B296313C000B6F6BC /* QuranViewModel.swift in Sources */ = {isa = PBXBuildFile; fileRef = AAD02B5A296313C000B6F6BC /* QuranViewModel.swift */; };
		AAD02B5E2963141D00B6F6BC /* NetworkState.swift in Sources */ = {isa = PBXBuildFile; fileRef = AAD02B5D2963141D00B6F6BC /* NetworkState.swift */; };
/* End PBXBuildFile section */

/* Begin PBXContainerItemProxy section */
		AA5170EA296008BE00DA8ABA /* PBXContainerItemProxy */ = {
			isa = PBXContainerItemProxy;
			containerPortal = AA5170D1296008BD00DA8ABA /* Project object */;
			proxyType = 1;
			remoteGlobalIDString = AA5170D8296008BD00DA8ABA;
			remoteInfo = "Starter App SwiftUI";
		};
		AA5170F4296008BE00DA8ABA /* PBXContainerItemProxy */ = {
			isa = PBXContainerItemProxy;
			containerPortal = AA5170D1296008BD00DA8ABA /* Project object */;
			proxyType = 1;
			remoteGlobalIDString = AA5170D8296008BD00DA8ABA;
			remoteInfo = "Starter App SwiftUI";
		};
/* End PBXContainerItemProxy section */

/* Begin PBXFileReference section */
		114E8A4854CE9C1DE77DB9AF /* Pods-Starter App SwiftUI-Starter App SwiftUIUITests.debug.xcconfig */ = {isa = PBXFileReference; includeInIndex = 1; lastKnownFileType = text.xcconfig; name = "Pods-Starter App SwiftUI-Starter App SwiftUIUITests.debug.xcconfig"; path = "Target Support Files/Pods-Starter App SwiftUI-Starter App SwiftUIUITests/Pods-Starter App SwiftUI-Starter App SwiftUIUITests.debug.xcconfig"; sourceTree = "<group>"; };
		1443C3B49F1D7017420CE994 /* Pods-Starter App SwiftUI.debug.xcconfig */ = {isa = PBXFileReference; includeInIndex = 1; lastKnownFileType = text.xcconfig; name = "Pods-Starter App SwiftUI.debug.xcconfig"; path = "Target Support Files/Pods-Starter App SwiftUI/Pods-Starter App SwiftUI.debug.xcconfig"; sourceTree = "<group>"; };
		26B4B97AA7BEDF34B313F342 /* Pods-Starter App SwiftUITests.debug.xcconfig */ = {isa = PBXFileReference; includeInIndex = 1; lastKnownFileType = text.xcconfig; name = "Pods-Starter App SwiftUITests.debug.xcconfig"; path = "Target Support Files/Pods-Starter App SwiftUITests/Pods-Starter App SwiftUITests.debug.xcconfig"; sourceTree = "<group>"; };
		2A790A2683083E21D3A4A7A9 /* Pods-Starter App SwiftUI.release.xcconfig */ = {isa = PBXFileReference; includeInIndex = 1; lastKnownFileType = text.xcconfig; name = "Pods-Starter App SwiftUI.release.xcconfig"; path = "Target Support Files/Pods-Starter App SwiftUI/Pods-Starter App SwiftUI.release.xcconfig"; sourceTree = "<group>"; };
		6C60393DBCA63E65E45F177C /* Pods-Starter App SwiftUITests.release.xcconfig */ = {isa = PBXFileReference; includeInIndex = 1; lastKnownFileType = text.xcconfig; name = "Pods-Starter App SwiftUITests.release.xcconfig"; path = "Target Support Files/Pods-Starter App SwiftUITests/Pods-Starter App SwiftUITests.release.xcconfig"; sourceTree = "<group>"; };
		6CAD1317E7EA3BC371CEC313 /* Pods_Starter_App_SwiftUI.framework */ = {isa = PBXFileReference; explicitFileType = wrapper.framework; includeInIndex = 0; path = Pods_Starter_App_SwiftUI.framework; sourceTree = BUILT_PRODUCTS_DIR; };
		71A47F0C9C145192199DAEED /* Pods_Starter_App_SwiftUITests.framework */ = {isa = PBXFileReference; explicitFileType = wrapper.framework; includeInIndex = 0; path = Pods_Starter_App_SwiftUITests.framework; sourceTree = BUILT_PRODUCTS_DIR; };
		79E4E019E1AF6225FD426554 /* Pods-Starter App SwiftUI-Starter App SwiftUIUITests.release.xcconfig */ = {isa = PBXFileReference; includeInIndex = 1; lastKnownFileType = text.xcconfig; name = "Pods-Starter App SwiftUI-Starter App SwiftUIUITests.release.xcconfig"; path = "Target Support Files/Pods-Starter App SwiftUI-Starter App SwiftUIUITests/Pods-Starter App SwiftUI-Starter App SwiftUIUITests.release.xcconfig"; sourceTree = "<group>"; };
		AA5170D9296008BD00DA8ABA /* Starter App SwiftUI.app */ = {isa = PBXFileReference; explicitFileType = wrapper.application; includeInIndex = 0; path = "Starter App SwiftUI.app"; sourceTree = BUILT_PRODUCTS_DIR; };
		AA5170DC296008BD00DA8ABA /* App.swift */ = {isa = PBXFileReference; lastKnownFileType = sourcecode.swift; path = App.swift; sourceTree = "<group>"; };
		AA5170DE296008BD00DA8ABA /* ExamplePage.swift */ = {isa = PBXFileReference; lastKnownFileType = sourcecode.swift; path = ExamplePage.swift; sourceTree = "<group>"; };
		AA5170E0296008BE00DA8ABA /* Assets.xcassets */ = {isa = PBXFileReference; lastKnownFileType = folder.assetcatalog; path = Assets.xcassets; sourceTree = "<group>"; };
		AA5170E3296008BE00DA8ABA /* Preview Assets.xcassets */ = {isa = PBXFileReference; lastKnownFileType = folder.assetcatalog; path = "Preview Assets.xcassets"; sourceTree = "<group>"; };
		AA5170E9296008BE00DA8ABA /* Starter App SwiftUITests.xctest */ = {isa = PBXFileReference; explicitFileType = wrapper.cfbundle; includeInIndex = 0; path = "Starter App SwiftUITests.xctest"; sourceTree = BUILT_PRODUCTS_DIR; };
		AA5170ED296008BE00DA8ABA /* Starter_App_SwiftUITests.swift */ = {isa = PBXFileReference; lastKnownFileType = sourcecode.swift; path = Starter_App_SwiftUITests.swift; sourceTree = "<group>"; };
		AA5170F3296008BE00DA8ABA /* Starter App SwiftUIUITests.xctest */ = {isa = PBXFileReference; explicitFileType = wrapper.cfbundle; includeInIndex = 0; path = "Starter App SwiftUIUITests.xctest"; sourceTree = BUILT_PRODUCTS_DIR; };
		AA5170F7296008BE00DA8ABA /* Starter_App_SwiftUIUITests.swift */ = {isa = PBXFileReference; lastKnownFileType = sourcecode.swift; path = Starter_App_SwiftUIUITests.swift; sourceTree = "<group>"; };
		AA5170F9296008BE00DA8ABA /* Starter_App_SwiftUIUITestsLaunchTests.swift */ = {isa = PBXFileReference; lastKnownFileType = sourcecode.swift; path = Starter_App_SwiftUIUITestsLaunchTests.swift; sourceTree = "<group>"; };
		AA7EF7CE2965AB7100DFEAEE /* StandardLoadingView.swift */ = {isa = PBXFileReference; lastKnownFileType = sourcecode.swift; path = StandardLoadingView.swift; sourceTree = "<group>"; };
		AABE4F412960297C00F7D02F /* CustomButton.swift */ = {isa = PBXFileReference; lastKnownFileType = sourcecode.swift; path = CustomButton.swift; sourceTree = "<group>"; };
		AABE4F452960510E00F7D02F /* AppConstant.swift */ = {isa = PBXFileReference; lastKnownFileType = sourcecode.swift; path = AppConstant.swift; sourceTree = "<group>"; };
		AABE4F4A296052F700F7D02F /* QuranService.swift */ = {isa = PBXFileReference; lastKnownFileType = sourcecode.swift; path = QuranService.swift; sourceTree = "<group>"; };
		AABE4F4D29605F5200F7D02F /* CustomException.swift */ = {isa = PBXFileReference; lastKnownFileType = sourcecode.swift; path = CustomException.swift; sourceTree = "<group>"; };
		AABE4F4F29606ABF00F7D02F /* SurahResponse.swift */ = {isa = PBXFileReference; lastKnownFileType = sourcecode.swift; path = SurahResponse.swift; sourceTree = "<group>"; };
		AABE4F5329608B6500F7D02F /* CustomExceptionExtension.swift */ = {isa = PBXFileReference; lastKnownFileType = sourcecode.swift; path = CustomExceptionExtension.swift; sourceTree = "<group>"; };
		AABE4F5729613C7500F7D02F /* InfoDialog.swift */ = {isa = PBXFileReference; lastKnownFileType = sourcecode.swift; path = InfoDialog.swift; sourceTree = "<group>"; };
		AABE4F5A2961560E00F7D02F /* AppFontStyle.swift */ = {isa = PBXFileReference; lastKnownFileType = sourcecode.swift; path = AppFontStyle.swift; sourceTree = "<group>"; };
		AABE4F5C296158D300F7D02F /* LoadingDialog.swift */ = {isa = PBXFileReference; lastKnownFileType = sourcecode.swift; path = LoadingDialog.swift; sourceTree = "<group>"; };
		AABE4F6029615C5800F7D02F /* SplashPage.swift */ = {isa = PBXFileReference; lastKnownFileType = sourcecode.swift; path = SplashPage.swift; sourceTree = "<group>"; };
		AABE4F632961BE9700F7D02F /* RouteViewModel.swift */ = {isa = PBXFileReference; lastKnownFileType = sourcecode.swift; path = RouteViewModel.swift; sourceTree = "<group>"; };
		AAD02B572963036600B6F6BC /* ListSurahPageView.swift */ = {isa = PBXFileReference; lastKnownFileType = sourcecode.swift; path = ListSurahPageView.swift; sourceTree = "<group>"; };
		AAD02B5A296313C000B6F6BC /* QuranViewModel.swift */ = {isa = PBXFileReference; lastKnownFileType = sourcecode.swift; path = QuranViewModel.swift; sourceTree = "<group>"; };
		AAD02B5D2963141D00B6F6BC /* NetworkState.swift */ = {isa = PBXFileReference; lastKnownFileType = sourcecode.swift; path = NetworkState.swift; sourceTree = "<group>"; };
		E19E8C0F1376585CDE9232A7 /* Pods_Starter_App_SwiftUI_Starter_App_SwiftUIUITests.framework */ = {isa = PBXFileReference; explicitFileType = wrapper.framework; includeInIndex = 0; path = Pods_Starter_App_SwiftUI_Starter_App_SwiftUIUITests.framework; sourceTree = BUILT_PRODUCTS_DIR; };
/* End PBXFileReference section */

/* Begin PBXFrameworksBuildPhase section */
		AA5170D6296008BD00DA8ABA /* Frameworks */ = {
			isa = PBXFrameworksBuildPhase;
			buildActionMask = 2147483647;
			files = (
				58F9FA3225D9C41CCC4F6502 /* Pods_Starter_App_SwiftUI.framework in Frameworks */,
			);
			runOnlyForDeploymentPostprocessing = 0;
		};
		AA5170E6296008BE00DA8ABA /* Frameworks */ = {
			isa = PBXFrameworksBuildPhase;
			buildActionMask = 2147483647;
			files = (
				98C668BD56B1FC4C876C4B0A /* Pods_Starter_App_SwiftUITests.framework in Frameworks */,
			);
			runOnlyForDeploymentPostprocessing = 0;
		};
		AA5170F0296008BE00DA8ABA /* Frameworks */ = {
			isa = PBXFrameworksBuildPhase;
			buildActionMask = 2147483647;
			files = (
				7C9D91B3190DE1DADBD9C9E3 /* Pods_Starter_App_SwiftUI_Starter_App_SwiftUIUITests.framework in Frameworks */,
			);
			runOnlyForDeploymentPostprocessing = 0;
		};
/* End PBXFrameworksBuildPhase section */

/* Begin PBXGroup section */
		4C65DC954EB0D3DBBB30BDFD /* Pods */ = {
			isa = PBXGroup;
			children = (
				1443C3B49F1D7017420CE994 /* Pods-Starter App SwiftUI.debug.xcconfig */,
				2A790A2683083E21D3A4A7A9 /* Pods-Starter App SwiftUI.release.xcconfig */,
				114E8A4854CE9C1DE77DB9AF /* Pods-Starter App SwiftUI-Starter App SwiftUIUITests.debug.xcconfig */,
				79E4E019E1AF6225FD426554 /* Pods-Starter App SwiftUI-Starter App SwiftUIUITests.release.xcconfig */,
				26B4B97AA7BEDF34B313F342 /* Pods-Starter App SwiftUITests.debug.xcconfig */,
				6C60393DBCA63E65E45F177C /* Pods-Starter App SwiftUITests.release.xcconfig */,
			);
			path = Pods;
			sourceTree = "<group>";
		};
		94307A34E82BBEFA639543E6 /* Frameworks */ = {
			isa = PBXGroup;
			children = (
				6CAD1317E7EA3BC371CEC313 /* Pods_Starter_App_SwiftUI.framework */,
				E19E8C0F1376585CDE9232A7 /* Pods_Starter_App_SwiftUI_Starter_App_SwiftUIUITests.framework */,
				71A47F0C9C145192199DAEED /* Pods_Starter_App_SwiftUITests.framework */,
			);
			name = Frameworks;
			sourceTree = "<group>";
		};
		AA5170D0296008BD00DA8ABA = {
			isa = PBXGroup;
			children = (
				AA5170DB296008BD00DA8ABA /* Starter App SwiftUI */,
				AA5170EC296008BE00DA8ABA /* Starter App SwiftUITests */,
				AA5170F6296008BE00DA8ABA /* Starter App SwiftUIUITests */,
				AA5170DA296008BD00DA8ABA /* Products */,
				4C65DC954EB0D3DBBB30BDFD /* Pods */,
				94307A34E82BBEFA639543E6 /* Frameworks */,
			);
			sourceTree = "<group>";
		};
		AA5170DA296008BD00DA8ABA /* Products */ = {
			isa = PBXGroup;
			children = (
				AA5170D9296008BD00DA8ABA /* Starter App SwiftUI.app */,
				AA5170E9296008BE00DA8ABA /* Starter App SwiftUITests.xctest */,
				AA5170F3296008BE00DA8ABA /* Starter App SwiftUIUITests.xctest */,
			);
			name = Products;
			sourceTree = "<group>";
		};
		AA5170DB296008BD00DA8ABA /* Starter App SwiftUI */ = {
			isa = PBXGroup;
			children = (
				AABE4F512960865200F7D02F /* Utils */,
				AABE4F472960520700F7D02F /* DTO */,
				AABE4F44296050ED00F7D02F /* Constant */,
				AABE4F4329604E2600F7D02F /* UI */,
				AABE4F402960292E00F7D02F /* Custom View */,
				AA5170DC296008BD00DA8ABA /* App.swift */,
				AA5170E0296008BE00DA8ABA /* Assets.xcassets */,
				AA5170E2296008BE00DA8ABA /* Preview Content */,
			);
			path = "Starter App SwiftUI";
			sourceTree = "<group>";
		};
		AA5170E2296008BE00DA8ABA /* Preview Content */ = {
			isa = PBXGroup;
			children = (
				AA5170E3296008BE00DA8ABA /* Preview Assets.xcassets */,
			);
			path = "Preview Content";
			sourceTree = "<group>";
		};
		AA5170EC296008BE00DA8ABA /* Starter App SwiftUITests */ = {
			isa = PBXGroup;
			children = (
				AA5170ED296008BE00DA8ABA /* Starter_App_SwiftUITests.swift */,
			);
			path = "Starter App SwiftUITests";
			sourceTree = "<group>";
		};
		AA5170F6296008BE00DA8ABA /* Starter App SwiftUIUITests */ = {
			isa = PBXGroup;
			children = (
				AA5170F7296008BE00DA8ABA /* Starter_App_SwiftUIUITests.swift */,
				AA5170F9296008BE00DA8ABA /* Starter_App_SwiftUIUITestsLaunchTests.swift */,
			);
			path = "Starter App SwiftUIUITests";
			sourceTree = "<group>";
		};
		AA7EF7CD2965AB5900DFEAEE /* Layout */ = {
			isa = PBXGroup;
			children = (
				AA7EF7CE2965AB7100DFEAEE /* StandardLoadingView.swift */,
			);
			path = Layout;
			sourceTree = "<group>";
		};
		AABE4F402960292E00F7D02F /* Custom View */ = {
			isa = PBXGroup;
			children = (
				AA7EF7CD2965AB5900DFEAEE /* Layout */,
				AABE4F5629613C6200F7D02F /* Dialog */,
				AABE4F5529613C5500F7D02F /* Button */,
			);
			path = "Custom View";
			sourceTree = "<group>";
		};
		AABE4F4329604E2600F7D02F /* UI */ = {
			isa = PBXGroup;
			children = (
				AABE4F5F29615C3700F7D02F /* Example */,
				AABE4F5E29615C2F00F7D02F /* Splash */,
				AABE4F482960522700F7D02F /* Quran */,
			);
			path = UI;
			sourceTree = "<group>";
		};
		AABE4F44296050ED00F7D02F /* Constant */ = {
			isa = PBXGroup;
			children = (
				AABE4F452960510E00F7D02F /* AppConstant.swift */,
			);
			path = Constant;
			sourceTree = "<group>";
		};
		AABE4F472960520700F7D02F /* DTO */ = {
			isa = PBXGroup;
			children = (
				AAD02B5C2963140A00B6F6BC /* State */,
				AABE4F4C29605F4300F7D02F /* Exception */,
			);
			path = DTO;
			sourceTree = "<group>";
		};
		AABE4F482960522700F7D02F /* Quran */ = {
			isa = PBXGroup;
			children = (
				AAD02B59296313AE00B6F6BC /* View Model */,
				AABE4F492960525000F7D02F /* DTO */,
				AABE4F4A296052F700F7D02F /* QuranService.swift */,
				AAD02B572963036600B6F6BC /* ListSurahPageView.swift */,
			);
			path = Quran;
			sourceTree = "<group>";
		};
		AABE4F492960525000F7D02F /* DTO */ = {
			isa = PBXGroup;
			children = (
				AABE4F4F29606ABF00F7D02F /* SurahResponse.swift */,
			);
			path = DTO;
			sourceTree = "<group>";
		};
		AABE4F4C29605F4300F7D02F /* Exception */ = {
			isa = PBXGroup;
			children = (
				AABE4F4D29605F5200F7D02F /* CustomException.swift */,
			);
			path = Exception;
			sourceTree = "<group>";
		};
		AABE4F512960865200F7D02F /* Utils */ = {
			isa = PBXGroup;
			children = (
				AABE4F622961BE8400F7D02F /* Route */,
				AABE4F59296155F600F7D02F /* Style */,
				AABE4F522960865900F7D02F /* Extension */,
			);
			path = Utils;
			sourceTree = "<group>";
		};
		AABE4F522960865900F7D02F /* Extension */ = {
			isa = PBXGroup;
			children = (
				AABE4F5329608B6500F7D02F /* CustomExceptionExtension.swift */,
			);
			path = Extension;
			sourceTree = "<group>";
		};
		AABE4F5529613C5500F7D02F /* Button */ = {
			isa = PBXGroup;
			children = (
				AABE4F412960297C00F7D02F /* CustomButton.swift */,
			);
			path = Button;
			sourceTree = "<group>";
		};
		AABE4F5629613C6200F7D02F /* Dialog */ = {
			isa = PBXGroup;
			children = (
				AABE4F5729613C7500F7D02F /* InfoDialog.swift */,
				AABE4F5C296158D300F7D02F /* LoadingDialog.swift */,
			);
			path = Dialog;
			sourceTree = "<group>";
		};
		AABE4F59296155F600F7D02F /* Style */ = {
			isa = PBXGroup;
			children = (
				AABE4F5A2961560E00F7D02F /* AppFontStyle.swift */,
			);
			path = Style;
			sourceTree = "<group>";
		};
		AABE4F5E29615C2F00F7D02F /* Splash */ = {
			isa = PBXGroup;
			children = (
				AABE4F6029615C5800F7D02F /* SplashPage.swift */,
			);
			path = Splash;
			sourceTree = "<group>";
		};
		AABE4F5F29615C3700F7D02F /* Example */ = {
			isa = PBXGroup;
			children = (
				AA5170DE296008BD00DA8ABA /* ExamplePage.swift */,
			);
			path = Example;
			sourceTree = "<group>";
		};
		AABE4F622961BE8400F7D02F /* Route */ = {
			isa = PBXGroup;
			children = (
				AABE4F632961BE9700F7D02F /* RouteViewModel.swift */,
			);
			path = Route;
			sourceTree = "<group>";
		};
		AAD02B59296313AE00B6F6BC /* View Model */ = {
			isa = PBXGroup;
			children = (
				AAD02B5A296313C000B6F6BC /* QuranViewModel.swift */,
			);
			path = "View Model";
			sourceTree = "<group>";
		};
		AAD02B5C2963140A00B6F6BC /* State */ = {
			isa = PBXGroup;
			children = (
				AAD02B5D2963141D00B6F6BC /* NetworkState.swift */,
			);
			path = State;
			sourceTree = "<group>";
		};
/* End PBXGroup section */

/* Begin PBXNativeTarget section */
		AA5170D8296008BD00DA8ABA /* Starter App SwiftUI */ = {
			isa = PBXNativeTarget;
			buildConfigurationList = AA5170FD296008BE00DA8ABA /* Build configuration list for PBXNativeTarget "Starter App SwiftUI" */;
			buildPhases = (
				0903F2E00A42CA9B214969A3 /* [CP] Check Pods Manifest.lock */,
				AA5170D5296008BD00DA8ABA /* Sources */,
				AA5170D6296008BD00DA8ABA /* Frameworks */,
				AA5170D7296008BD00DA8ABA /* Resources */,
				0B219CF56E7E259F79E5D923 /* [CP] Embed Pods Frameworks */,
			);
			buildRules = (
			);
			dependencies = (
			);
			name = "Starter App SwiftUI";
			productName = "Starter App SwiftUI";
			productReference = AA5170D9296008BD00DA8ABA /* Starter App SwiftUI.app */;
			productType = "com.apple.product-type.application";
		};
		AA5170E8296008BE00DA8ABA /* Starter App SwiftUITests */ = {
			isa = PBXNativeTarget;
			buildConfigurationList = AA517100296008BE00DA8ABA /* Build configuration list for PBXNativeTarget "Starter App SwiftUITests" */;
			buildPhases = (
				0B06C51426B7377840BDFE9E /* [CP] Check Pods Manifest.lock */,
				AA5170E5296008BE00DA8ABA /* Sources */,
				AA5170E6296008BE00DA8ABA /* Frameworks */,
				AA5170E7296008BE00DA8ABA /* Resources */,
			);
			buildRules = (
			);
			dependencies = (
				AA5170EB296008BE00DA8ABA /* PBXTargetDependency */,
			);
			name = "Starter App SwiftUITests";
			productName = "Starter App SwiftUITests";
			productReference = AA5170E9296008BE00DA8ABA /* Starter App SwiftUITests.xctest */;
			productType = "com.apple.product-type.bundle.unit-test";
		};
		AA5170F2296008BE00DA8ABA /* Starter App SwiftUIUITests */ = {
			isa = PBXNativeTarget;
			buildConfigurationList = AA517103296008BE00DA8ABA /* Build configuration list for PBXNativeTarget "Starter App SwiftUIUITests" */;
			buildPhases = (
				2946D867CEFDD58C48866BB3 /* [CP] Check Pods Manifest.lock */,
				AA5170EF296008BE00DA8ABA /* Sources */,
				AA5170F0296008BE00DA8ABA /* Frameworks */,
				AA5170F1296008BE00DA8ABA /* Resources */,
				53C0505412156D58C3098B7E /* [CP] Embed Pods Frameworks */,
			);
			buildRules = (
			);
			dependencies = (
				AA5170F5296008BE00DA8ABA /* PBXTargetDependency */,
			);
			name = "Starter App SwiftUIUITests";
			productName = "Starter App SwiftUIUITests";
			productReference = AA5170F3296008BE00DA8ABA /* Starter App SwiftUIUITests.xctest */;
			productType = "com.apple.product-type.bundle.ui-testing";
		};
/* End PBXNativeTarget section */

/* Begin PBXProject section */
		AA5170D1296008BD00DA8ABA /* Project object */ = {
			isa = PBXProject;
			attributes = {
				BuildIndependentTargetsInParallel = 1;
				LastSwiftUpdateCheck = 1400;
				LastUpgradeCheck = 1400;
				TargetAttributes = {
					AA5170D8296008BD00DA8ABA = {
						CreatedOnToolsVersion = 14.0.1;
					};
					AA5170E8296008BE00DA8ABA = {
						CreatedOnToolsVersion = 14.0.1;
						TestTargetID = AA5170D8296008BD00DA8ABA;
					};
					AA5170F2296008BE00DA8ABA = {
						CreatedOnToolsVersion = 14.0.1;
						TestTargetID = AA5170D8296008BD00DA8ABA;
					};
				};
			};
			buildConfigurationList = AA5170D4296008BD00DA8ABA /* Build configuration list for PBXProject "Starter App SwiftUI" */;
			compatibilityVersion = "Xcode 14.0";
			developmentRegion = en;
			hasScannedForEncodings = 0;
			knownRegions = (
				en,
				Base,
			);
			mainGroup = AA5170D0296008BD00DA8ABA;
			productRefGroup = AA5170DA296008BD00DA8ABA /* Products */;
			projectDirPath = "";
			projectRoot = "";
			targets = (
				AA5170D8296008BD00DA8ABA /* Starter App SwiftUI */,
				AA5170E8296008BE00DA8ABA /* Starter App SwiftUITests */,
				AA5170F2296008BE00DA8ABA /* Starter App SwiftUIUITests */,
			);
		};
/* End PBXProject section */

/* Begin PBXResourcesBuildPhase section */
		AA5170D7296008BD00DA8ABA /* Resources */ = {
			isa = PBXResourcesBuildPhase;
			buildActionMask = 2147483647;
			files = (
				AA5170E4296008BE00DA8ABA /* Preview Assets.xcassets in Resources */,
				AA5170E1296008BE00DA8ABA /* Assets.xcassets in Resources */,
			);
			runOnlyForDeploymentPostprocessing = 0;
		};
		AA5170E7296008BE00DA8ABA /* Resources */ = {
			isa = PBXResourcesBuildPhase;
			buildActionMask = 2147483647;
			files = (
			);
			runOnlyForDeploymentPostprocessing = 0;
		};
		AA5170F1296008BE00DA8ABA /* Resources */ = {
			isa = PBXResourcesBuildPhase;
			buildActionMask = 2147483647;
			files = (
			);
			runOnlyForDeploymentPostprocessing = 0;
		};
/* End PBXResourcesBuildPhase section */

/* Begin PBXShellScriptBuildPhase section */
		0903F2E00A42CA9B214969A3 /* [CP] Check Pods Manifest.lock */ = {
			isa = PBXShellScriptBuildPhase;
			buildActionMask = 2147483647;
			files = (
			);
			inputFileListPaths = (
			);
			inputPaths = (
				"${PODS_PODFILE_DIR_PATH}/Podfile.lock",
				"${PODS_ROOT}/Manifest.lock",
			);
			name = "[CP] Check Pods Manifest.lock";
			outputFileListPaths = (
			);
			outputPaths = (
				"$(DERIVED_FILE_DIR)/Pods-Starter App SwiftUI-checkManifestLockResult.txt",
			);
			runOnlyForDeploymentPostprocessing = 0;
			shellPath = /bin/sh;
			shellScript = "diff \"${PODS_PODFILE_DIR_PATH}/Podfile.lock\" \"${PODS_ROOT}/Manifest.lock\" > /dev/null\nif [ $? != 0 ] ; then\n    # print error to STDERR\n    echo \"error: The sandbox is not in sync with the Podfile.lock. Run 'pod install' or update your CocoaPods installation.\" >&2\n    exit 1\nfi\n# This output is used by Xcode 'outputs' to avoid re-running this script phase.\necho \"SUCCESS\" > \"${SCRIPT_OUTPUT_FILE_0}\"\n";
			showEnvVarsInLog = 0;
		};
		0B06C51426B7377840BDFE9E /* [CP] Check Pods Manifest.lock */ = {
			isa = PBXShellScriptBuildPhase;
			buildActionMask = 2147483647;
			files = (
			);
			inputFileListPaths = (
			);
			inputPaths = (
				"${PODS_PODFILE_DIR_PATH}/Podfile.lock",
				"${PODS_ROOT}/Manifest.lock",
			);
			name = "[CP] Check Pods Manifest.lock";
			outputFileListPaths = (
			);
			outputPaths = (
				"$(DERIVED_FILE_DIR)/Pods-Starter App SwiftUITests-checkManifestLockResult.txt",
			);
			runOnlyForDeploymentPostprocessing = 0;
			shellPath = /bin/sh;
			shellScript = "diff \"${PODS_PODFILE_DIR_PATH}/Podfile.lock\" \"${PODS_ROOT}/Manifest.lock\" > /dev/null\nif [ $? != 0 ] ; then\n    # print error to STDERR\n    echo \"error: The sandbox is not in sync with the Podfile.lock. Run 'pod install' or update your CocoaPods installation.\" >&2\n    exit 1\nfi\n# This output is used by Xcode 'outputs' to avoid re-running this script phase.\necho \"SUCCESS\" > \"${SCRIPT_OUTPUT_FILE_0}\"\n";
			showEnvVarsInLog = 0;
		};
		0B219CF56E7E259F79E5D923 /* [CP] Embed Pods Frameworks */ = {
			isa = PBXShellScriptBuildPhase;
			buildActionMask = 2147483647;
			files = (
			);
			inputFileListPaths = (
				"${PODS_ROOT}/Target Support Files/Pods-Starter App SwiftUI/Pods-Starter App SwiftUI-frameworks-${CONFIGURATION}-input-files.xcfilelist",
			);
			name = "[CP] Embed Pods Frameworks";
			outputFileListPaths = (
				"${PODS_ROOT}/Target Support Files/Pods-Starter App SwiftUI/Pods-Starter App SwiftUI-frameworks-${CONFIGURATION}-output-files.xcfilelist",
			);
			runOnlyForDeploymentPostprocessing = 0;
			shellPath = /bin/sh;
			shellScript = "\"${PODS_ROOT}/Target Support Files/Pods-Starter App SwiftUI/Pods-Starter App SwiftUI-frameworks.sh\"\n";
			showEnvVarsInLog = 0;
		};
		2946D867CEFDD58C48866BB3 /* [CP] Check Pods Manifest.lock */ = {
			isa = PBXShellScriptBuildPhase;
			buildActionMask = 2147483647;
			files = (
			);
			inputFileListPaths = (
			);
			inputPaths = (
				"${PODS_PODFILE_DIR_PATH}/Podfile.lock",
				"${PODS_ROOT}/Manifest.lock",
			);
			name = "[CP] Check Pods Manifest.lock";
			outputFileListPaths = (
			);
			outputPaths = (
				"$(DERIVED_FILE_DIR)/Pods-Starter App SwiftUI-Starter App SwiftUIUITests-checkManifestLockResult.txt",
			);
			runOnlyForDeploymentPostprocessing = 0;
			shellPath = /bin/sh;
			shellScript = "diff \"${PODS_PODFILE_DIR_PATH}/Podfile.lock\" \"${PODS_ROOT}/Manifest.lock\" > /dev/null\nif [ $? != 0 ] ; then\n    # print error to STDERR\n    echo \"error: The sandbox is not in sync with the Podfile.lock. Run 'pod install' or update your CocoaPods installation.\" >&2\n    exit 1\nfi\n# This output is used by Xcode 'outputs' to avoid re-running this script phase.\necho \"SUCCESS\" > \"${SCRIPT_OUTPUT_FILE_0}\"\n";
			showEnvVarsInLog = 0;
		};
		53C0505412156D58C3098B7E /* [CP] Embed Pods Frameworks */ = {
			isa = PBXShellScriptBuildPhase;
			buildActionMask = 2147483647;
			files = (
			);
			inputFileListPaths = (
				"${PODS_ROOT}/Target Support Files/Pods-Starter App SwiftUI-Starter App SwiftUIUITests/Pods-Starter App SwiftUI-Starter App SwiftUIUITests-frameworks-${CONFIGURATION}-input-files.xcfilelist",
			);
			name = "[CP] Embed Pods Frameworks";
			outputFileListPaths = (
				"${PODS_ROOT}/Target Support Files/Pods-Starter App SwiftUI-Starter App SwiftUIUITests/Pods-Starter App SwiftUI-Starter App SwiftUIUITests-frameworks-${CONFIGURATION}-output-files.xcfilelist",
			);
			runOnlyForDeploymentPostprocessing = 0;
			shellPath = /bin/sh;
			shellScript = "\"${PODS_ROOT}/Target Support Files/Pods-Starter App SwiftUI-Starter App SwiftUIUITests/Pods-Starter App SwiftUI-Starter App SwiftUIUITests-frameworks.sh\"\n";
			showEnvVarsInLog = 0;
		};
/* End PBXShellScriptBuildPhase section */

/* Begin PBXSourcesBuildPhase section */
		AA5170D5296008BD00DA8ABA /* Sources */ = {
			isa = PBXSourcesBuildPhase;
			buildActionMask = 2147483647;
			files = (
				AABE4F5429608B6500F7D02F /* CustomExceptionExtension.swift in Sources */,
				AABE4F4E29605F5200F7D02F /* CustomException.swift in Sources */,
				AABE4F5D296158D300F7D02F /* LoadingDialog.swift in Sources */,
				AABE4F5B2961560E00F7D02F /* AppFontStyle.swift in Sources */,
				AABE4F5029606ABF00F7D02F /* SurahResponse.swift in Sources */,
				AA5170DF296008BD00DA8ABA /* ExamplePage.swift in Sources */,
				AABE4F5829613C7500F7D02F /* InfoDialog.swift in Sources */,
				AABE4F6129615C5800F7D02F /* SplashPage.swift in Sources */,
				AAD02B5E2963141D00B6F6BC /* NetworkState.swift in Sources */,
				AA5170DD296008BD00DA8ABA /* App.swift in Sources */,
				AABE4F422960297C00F7D02F /* CustomButton.swift in Sources */,
				AA7EF7CF2965AB7100DFEAEE /* StandardLoadingView.swift in Sources */,
				AABE4F4B296052F700F7D02F /* QuranService.swift in Sources */,
				AABE4F642961BE9700F7D02F /* RouteViewModel.swift in Sources */,
				AAD02B582963036600B6F6BC /* ListSurahPageView.swift in Sources */,
				AABE4F462960510E00F7D02F /* AppConstant.swift in Sources */,
				AAD02B5B296313C000B6F6BC /* QuranViewModel.swift in Sources */,
			);
			runOnlyForDeploymentPostprocessing = 0;
		};
		AA5170E5296008BE00DA8ABA /* Sources */ = {
			isa = PBXSourcesBuildPhase;
			buildActionMask = 2147483647;
			files = (
				AA5170EE296008BE00DA8ABA /* Starter_App_SwiftUITests.swift in Sources */,
			);
			runOnlyForDeploymentPostprocessing = 0;
		};
		AA5170EF296008BE00DA8ABA /* Sources */ = {
			isa = PBXSourcesBuildPhase;
			buildActionMask = 2147483647;
			files = (
				AA5170FA296008BE00DA8ABA /* Starter_App_SwiftUIUITestsLaunchTests.swift in Sources */,
				AA5170F8296008BE00DA8ABA /* Starter_App_SwiftUIUITests.swift in Sources */,
			);
			runOnlyForDeploymentPostprocessing = 0;
		};
/* End PBXSourcesBuildPhase section */

/* Begin PBXTargetDependency section */
		AA5170EB296008BE00DA8ABA /* PBXTargetDependency */ = {
			isa = PBXTargetDependency;
			target = AA5170D8296008BD00DA8ABA /* Starter App SwiftUI */;
			targetProxy = AA5170EA296008BE00DA8ABA /* PBXContainerItemProxy */;
		};
		AA5170F5296008BE00DA8ABA /* PBXTargetDependency */ = {
			isa = PBXTargetDependency;
			target = AA5170D8296008BD00DA8ABA /* Starter App SwiftUI */;
			targetProxy = AA5170F4296008BE00DA8ABA /* PBXContainerItemProxy */;
		};
/* End PBXTargetDependency section */

/* Begin XCBuildConfiguration section */
		AA5170FB296008BE00DA8ABA /* Debug */ = {
			isa = XCBuildConfiguration;
			buildSettings = {
				ALWAYS_SEARCH_USER_PATHS = NO;
				CLANG_ANALYZER_NONNULL = YES;
				CLANG_ANALYZER_NUMBER_OBJECT_CONVERSION = YES_AGGRESSIVE;
				CLANG_CXX_LANGUAGE_STANDARD = "gnu++20";
				CLANG_ENABLE_MODULES = YES;
				CLANG_ENABLE_OBJC_ARC = YES;
				CLANG_ENABLE_OBJC_WEAK = YES;
				CLANG_WARN_BLOCK_CAPTURE_AUTORELEASING = YES;
				CLANG_WARN_BOOL_CONVERSION = YES;
				CLANG_WARN_COMMA = YES;
				CLANG_WARN_CONSTANT_CONVERSION = YES;
				CLANG_WARN_DEPRECATED_OBJC_IMPLEMENTATIONS = YES;
				CLANG_WARN_DIRECT_OBJC_ISA_USAGE = YES_ERROR;
				CLANG_WARN_DOCUMENTATION_COMMENTS = YES;
				CLANG_WARN_EMPTY_BODY = YES;
				CLANG_WARN_ENUM_CONVERSION = YES;
				CLANG_WARN_INFINITE_RECURSION = YES;
				CLANG_WARN_INT_CONVERSION = YES;
				CLANG_WARN_NON_LITERAL_NULL_CONVERSION = YES;
				CLANG_WARN_OBJC_IMPLICIT_RETAIN_SELF = YES;
				CLANG_WARN_OBJC_LITERAL_CONVERSION = YES;
				CLANG_WARN_OBJC_ROOT_CLASS = YES_ERROR;
				CLANG_WARN_QUOTED_INCLUDE_IN_FRAMEWORK_HEADER = YES;
				CLANG_WARN_RANGE_LOOP_ANALYSIS = YES;
				CLANG_WARN_STRICT_PROTOTYPES = YES;
				CLANG_WARN_SUSPICIOUS_MOVE = YES;
				CLANG_WARN_UNGUARDED_AVAILABILITY = YES_AGGRESSIVE;
				CLANG_WARN_UNREACHABLE_CODE = YES;
				CLANG_WARN__DUPLICATE_METHOD_MATCH = YES;
				COPY_PHASE_STRIP = NO;
				DEBUG_INFORMATION_FORMAT = dwarf;
				ENABLE_STRICT_OBJC_MSGSEND = YES;
				ENABLE_TESTABILITY = YES;
				GCC_C_LANGUAGE_STANDARD = gnu11;
				GCC_DYNAMIC_NO_PIC = NO;
				GCC_NO_COMMON_BLOCKS = YES;
				GCC_OPTIMIZATION_LEVEL = 0;
				GCC_PREPROCESSOR_DEFINITIONS = (
					"DEBUG=1",
					"$(inherited)",
				);
				GCC_WARN_64_TO_32_BIT_CONVERSION = YES;
				GCC_WARN_ABOUT_RETURN_TYPE = YES_ERROR;
				GCC_WARN_UNDECLARED_SELECTOR = YES;
				GCC_WARN_UNINITIALIZED_AUTOS = YES_AGGRESSIVE;
				GCC_WARN_UNUSED_FUNCTION = YES;
				GCC_WARN_UNUSED_VARIABLE = YES;
				IPHONEOS_DEPLOYMENT_TARGET = 16.0;
				MTL_ENABLE_DEBUG_INFO = INCLUDE_SOURCE;
				MTL_FAST_MATH = YES;
				ONLY_ACTIVE_ARCH = YES;
				SDKROOT = iphoneos;
				SWIFT_ACTIVE_COMPILATION_CONDITIONS = DEBUG;
				SWIFT_OPTIMIZATION_LEVEL = "-Onone";
			};
			name = Debug;
		};
		AA5170FC296008BE00DA8ABA /* Release */ = {
			isa = XCBuildConfiguration;
			buildSettings = {
				ALWAYS_SEARCH_USER_PATHS = NO;
				CLANG_ANALYZER_NONNULL = YES;
				CLANG_ANALYZER_NUMBER_OBJECT_CONVERSION = YES_AGGRESSIVE;
				CLANG_CXX_LANGUAGE_STANDARD = "gnu++20";
				CLANG_ENABLE_MODULES = YES;
				CLANG_ENABLE_OBJC_ARC = YES;
				CLANG_ENABLE_OBJC_WEAK = YES;
				CLANG_WARN_BLOCK_CAPTURE_AUTORELEASING = YES;
				CLANG_WARN_BOOL_CONVERSION = YES;
				CLANG_WARN_COMMA = YES;
				CLANG_WARN_CONSTANT_CONVERSION = YES;
				CLANG_WARN_DEPRECATED_OBJC_IMPLEMENTATIONS = YES;
				CLANG_WARN_DIRECT_OBJC_ISA_USAGE = YES_ERROR;
				CLANG_WARN_DOCUMENTATION_COMMENTS = YES;
				CLANG_WARN_EMPTY_BODY = YES;
				CLANG_WARN_ENUM_CONVERSION = YES;
				CLANG_WARN_INFINITE_RECURSION = YES;
				CLANG_WARN_INT_CONVERSION = YES;
				CLANG_WARN_NON_LITERAL_NULL_CONVERSION = YES;
				CLANG_WARN_OBJC_IMPLICIT_RETAIN_SELF = YES;
				CLANG_WARN_OBJC_LITERAL_CONVERSION = YES;
				CLANG_WARN_OBJC_ROOT_CLASS = YES_ERROR;
				CLANG_WARN_QUOTED_INCLUDE_IN_FRAMEWORK_HEADER = YES;
				CLANG_WARN_RANGE_LOOP_ANALYSIS = YES;
				CLANG_WARN_STRICT_PROTOTYPES = YES;
				CLANG_WARN_SUSPICIOUS_MOVE = YES;
				CLANG_WARN_UNGUARDED_AVAILABILITY = YES_AGGRESSIVE;
				CLANG_WARN_UNREACHABLE_CODE = YES;
				CLANG_WARN__DUPLICATE_METHOD_MATCH = YES;
				COPY_PHASE_STRIP = NO;
				DEBUG_INFORMATION_FORMAT = "dwarf-with-dsym";
				ENABLE_NS_ASSERTIONS = NO;
				ENABLE_STRICT_OBJC_MSGSEND = YES;
				GCC_C_LANGUAGE_STANDARD = gnu11;
				GCC_NO_COMMON_BLOCKS = YES;
				GCC_WARN_64_TO_32_BIT_CONVERSION = YES;
				GCC_WARN_ABOUT_RETURN_TYPE = YES_ERROR;
				GCC_WARN_UNDECLARED_SELECTOR = YES;
				GCC_WARN_UNINITIALIZED_AUTOS = YES_AGGRESSIVE;
				GCC_WARN_UNUSED_FUNCTION = YES;
				GCC_WARN_UNUSED_VARIABLE = YES;
				IPHONEOS_DEPLOYMENT_TARGET = 16.0;
				MTL_ENABLE_DEBUG_INFO = NO;
				MTL_FAST_MATH = YES;
				SDKROOT = iphoneos;
				SWIFT_COMPILATION_MODE = wholemodule;
				SWIFT_OPTIMIZATION_LEVEL = "-O";
				VALIDATE_PRODUCT = YES;
			};
			name = Release;
		};
		AA5170FE296008BE00DA8ABA /* Debug */ = {
			isa = XCBuildConfiguration;
			baseConfigurationReference = 1443C3B49F1D7017420CE994 /* Pods-Starter App SwiftUI.debug.xcconfig */;
			buildSettings = {
				ASSETCATALOG_COMPILER_APPICON_NAME = AppIcon;
				ASSETCATALOG_COMPILER_GLOBAL_ACCENT_COLOR_NAME = AccentColor;
				CODE_SIGN_STYLE = Automatic;
				CURRENT_PROJECT_VERSION = 1;
				DEVELOPMENT_ASSET_PATHS = "\"Starter App SwiftUI/Preview Content\"";
				DEVELOPMENT_TEAM = Y6UD3UGCSB;
				ENABLE_PREVIEWS = YES;
				GENERATE_INFOPLIST_FILE = YES;
				INFOPLIST_KEY_UIApplicationSceneManifest_Generation = YES;
				INFOPLIST_KEY_UIApplicationSupportsIndirectInputEvents = YES;
				INFOPLIST_KEY_UILaunchScreen_Generation = YES;
				INFOPLIST_KEY_UISupportedInterfaceOrientations_iPad = "UIInterfaceOrientationPortrait UIInterfaceOrientationPortraitUpsideDown UIInterfaceOrientationLandscapeLeft UIInterfaceOrientationLandscapeRight";
				INFOPLIST_KEY_UISupportedInterfaceOrientations_iPhone = "UIInterfaceOrientationPortrait UIInterfaceOrientationLandscapeLeft UIInterfaceOrientationLandscapeRight";
				LD_RUNPATH_SEARCH_PATHS = (
					"$(inherited)",
					"@executable_path/Frameworks",
				);
				MARKETING_VERSION = 1.0;
				PRODUCT_BUNDLE_IDENTIFIER = "fadlurahmanf.Starter-App-SwiftUI";
				PRODUCT_NAME = "$(TARGET_NAME)";
				SWIFT_EMIT_LOC_STRINGS = YES;
				SWIFT_VERSION = 5.0;
				TARGETED_DEVICE_FAMILY = "1,2";
			};
			name = Debug;
		};
		AA5170FF296008BE00DA8ABA /* Release */ = {
			isa = XCBuildConfiguration;
			baseConfigurationReference = 2A790A2683083E21D3A4A7A9 /* Pods-Starter App SwiftUI.release.xcconfig */;
			buildSettings = {
				ASSETCATALOG_COMPILER_APPICON_NAME = AppIcon;
				ASSETCATALOG_COMPILER_GLOBAL_ACCENT_COLOR_NAME = AccentColor;
				CODE_SIGN_STYLE = Automatic;
				CURRENT_PROJECT_VERSION = 1;
				DEVELOPMENT_ASSET_PATHS = "\"Starter App SwiftUI/Preview Content\"";
				DEVELOPMENT_TEAM = Y6UD3UGCSB;
				ENABLE_PREVIEWS = YES;
				GENERATE_INFOPLIST_FILE = YES;
				INFOPLIST_KEY_UIApplicationSceneManifest_Generation = YES;
				INFOPLIST_KEY_UIApplicationSupportsIndirectInputEvents = YES;
				INFOPLIST_KEY_UILaunchScreen_Generation = YES;
				INFOPLIST_KEY_UISupportedInterfaceOrientations_iPad = "UIInterfaceOrientationPortrait UIInterfaceOrientationPortraitUpsideDown UIInterfaceOrientationLandscapeLeft UIInterfaceOrientationLandscapeRight";
				INFOPLIST_KEY_UISupportedInterfaceOrientations_iPhone = "UIInterfaceOrientationPortrait UIInterfaceOrientationLandscapeLeft UIInterfaceOrientationLandscapeRight";
				LD_RUNPATH_SEARCH_PATHS = (
					"$(inherited)",
					"@executable_path/Frameworks",
				);
				MARKETING_VERSION = 1.0;
				PRODUCT_BUNDLE_IDENTIFIER = "fadlurahmanf.Starter-App-SwiftUI";
				PRODUCT_NAME = "$(TARGET_NAME)";
				SWIFT_EMIT_LOC_STRINGS = YES;
				SWIFT_VERSION = 5.0;
				TARGETED_DEVICE_FAMILY = "1,2";
			};
			name = Release;
		};
		AA517101296008BE00DA8ABA /* Debug */ = {
			isa = XCBuildConfiguration;
			baseConfigurationReference = 26B4B97AA7BEDF34B313F342 /* Pods-Starter App SwiftUITests.debug.xcconfig */;
			buildSettings = {
				ALWAYS_EMBED_SWIFT_STANDARD_LIBRARIES = YES;
				BUNDLE_LOADER = "$(TEST_HOST)";
				CODE_SIGN_STYLE = Automatic;
				CURRENT_PROJECT_VERSION = 1;
				DEVELOPMENT_TEAM = Y6UD3UGCSB;
				GENERATE_INFOPLIST_FILE = YES;
				IPHONEOS_DEPLOYMENT_TARGET = 16.0;
				MARKETING_VERSION = 1.0;
				PRODUCT_BUNDLE_IDENTIFIER = "fadlurahmanf.Starter-App-SwiftUITests";
				PRODUCT_NAME = "$(TARGET_NAME)";
				SWIFT_EMIT_LOC_STRINGS = NO;
				SWIFT_VERSION = 5.0;
				TARGETED_DEVICE_FAMILY = "1,2";
				TEST_HOST = "$(BUILT_PRODUCTS_DIR)/Starter App SwiftUI.app/$(BUNDLE_EXECUTABLE_FOLDER_PATH)/Starter App SwiftUI";
			};
			name = Debug;
		};
		AA517102296008BE00DA8ABA /* Release */ = {
			isa = XCBuildConfiguration;
			baseConfigurationReference = 6C60393DBCA63E65E45F177C /* Pods-Starter App SwiftUITests.release.xcconfig */;
			buildSettings = {
				ALWAYS_EMBED_SWIFT_STANDARD_LIBRARIES = YES;
				BUNDLE_LOADER = "$(TEST_HOST)";
				CODE_SIGN_STYLE = Automatic;
				CURRENT_PROJECT_VERSION = 1;
				DEVELOPMENT_TEAM = Y6UD3UGCSB;
				GENERATE_INFOPLIST_FILE = YES;
				IPHONEOS_DEPLOYMENT_TARGET = 16.0;
				MARKETING_VERSION = 1.0;
				PRODUCT_BUNDLE_IDENTIFIER = "fadlurahmanf.Starter-App-SwiftUITests";
				PRODUCT_NAME = "$(TARGET_NAME)";
				SWIFT_EMIT_LOC_STRINGS = NO;
				SWIFT_VERSION = 5.0;
				TARGETED_DEVICE_FAMILY = "1,2";
				TEST_HOST = "$(BUILT_PRODUCTS_DIR)/Starter App SwiftUI.app/$(BUNDLE_EXECUTABLE_FOLDER_PATH)/Starter App SwiftUI";
			};
			name = Release;
		};
		AA517104296008BE00DA8ABA /* Debug */ = {
			isa = XCBuildConfiguration;
			baseConfigurationReference = 114E8A4854CE9C1DE77DB9AF /* Pods-Starter App SwiftUI-Starter App SwiftUIUITests.debug.xcconfig */;
			buildSettings = {
				ALWAYS_EMBED_SWIFT_STANDARD_LIBRARIES = YES;
				CODE_SIGN_STYLE = Automatic;
				CURRENT_PROJECT_VERSION = 1;
				DEVELOPMENT_TEAM = Y6UD3UGCSB;
				GENERATE_INFOPLIST_FILE = YES;
				MARKETING_VERSION = 1.0;
				PRODUCT_BUNDLE_IDENTIFIER = "fadlurahmanf.Starter-App-SwiftUIUITests";
				PRODUCT_NAME = "$(TARGET_NAME)";
				SWIFT_EMIT_LOC_STRINGS = NO;
				SWIFT_VERSION = 5.0;
				TARGETED_DEVICE_FAMILY = "1,2";
				TEST_TARGET_NAME = "Starter App SwiftUI";
			};
			name = Debug;
		};
		AA517105296008BE00DA8ABA /* Release */ = {
			isa = XCBuildConfiguration;
			baseConfigurationReference = 79E4E019E1AF6225FD426554 /* Pods-Starter App SwiftUI-Starter App SwiftUIUITests.release.xcconfig */;
			buildSettings = {
				ALWAYS_EMBED_SWIFT_STANDARD_LIBRARIES = YES;
				CODE_SIGN_STYLE = Automatic;
				CURRENT_PROJECT_VERSION = 1;
				DEVELOPMENT_TEAM = Y6UD3UGCSB;
				GENERATE_INFOPLIST_FILE = YES;
				MARKETING_VERSION = 1.0;
				PRODUCT_BUNDLE_IDENTIFIER = "fadlurahmanf.Starter-App-SwiftUIUITests";
				PRODUCT_NAME = "$(TARGET_NAME)";
				SWIFT_EMIT_LOC_STRINGS = NO;
				SWIFT_VERSION = 5.0;
				TARGETED_DEVICE_FAMILY = "1,2";
				TEST_TARGET_NAME = "Starter App SwiftUI";
			};
			name = Release;
		};
/* End XCBuildConfiguration section */

/* Begin XCConfigurationList section */
		AA5170D4296008BD00DA8ABA /* Build configuration list for PBXProject "Starter App SwiftUI" */ = {
			isa = XCConfigurationList;
			buildConfigurations = (
				AA5170FB296008BE00DA8ABA /* Debug */,
				AA5170FC296008BE00DA8ABA /* Release */,
			);
			defaultConfigurationIsVisible = 0;
			defaultConfigurationName = Release;
		};
		AA5170FD296008BE00DA8ABA /* Build configuration list for PBXNativeTarget "Starter App SwiftUI" */ = {
			isa = XCConfigurationList;
			buildConfigurations = (
				AA5170FE296008BE00DA8ABA /* Debug */,
				AA5170FF296008BE00DA8ABA /* Release */,
			);
			defaultConfigurationIsVisible = 0;
			defaultConfigurationName = Release;
		};
		AA517100296008BE00DA8ABA /* Build configuration list for PBXNativeTarget "Starter App SwiftUITests" */ = {
			isa = XCConfigurationList;
			buildConfigurations = (
				AA517101296008BE00DA8ABA /* Debug */,
				AA517102296008BE00DA8ABA /* Release */,
			);
			defaultConfigurationIsVisible = 0;
			defaultConfigurationName = Release;
		};
		AA517103296008BE00DA8ABA /* Build configuration list for PBXNativeTarget "Starter App SwiftUIUITests" */ = {
			isa = XCConfigurationList;
			buildConfigurations = (
				AA517104296008BE00DA8ABA /* Debug */,
				AA517105296008BE00DA8ABA /* Release */,
			);
			defaultConfigurationIsVisible = 0;
			defaultConfigurationName = Release;
		};
/* End XCConfigurationList section */
	};
	rootObject = AA5170D1296008BD00DA8ABA /* Project object */;
}
